
Microsoft Visual Studio Solution File, Format Version 12.00
# Visual Studio Version 17
VisualStudioVersion = 17.7.34031.279
MinimumVisualStudioVersion = 10.0.40219.1
Project("{FAE04EC0-301F-11D3-BF4B-00C04F79EFBC}") = "n01625423_cummulative_assignment_3", "n01625423_cummulative_assignment_3\n01625423_cummulative_assignment_3.csproj", "{1A18E2B3-4CF5-4EC1-8C38-1F68A48EBA6A}"
EndProject
Global
	GlobalSection(SolutionConfigurationPlatforms) = preSolution
		Debug|Any CPU = Debug|Any CPU
		Release|Any CPU = Release|Any CPU
	EndGlobalSection
	GlobalSection(ProjectConfigurationPlatforms) = postSolution
		{1A18E2B3-4CF5-4EC1-8C38-1F68A48EBA6A}.Debug|Any CPU.ActiveCfg = Debug|Any CPU
		{1A18E2B3-4CF5-4EC1-8C38-1F68A48EBA6A}.Debug|Any CPU.Build.0 = Debug|Any CPU
		{1A18E2B3-4CF5-4EC1-8C38-1F68A48EBA6A}.Release|Any CPU.ActiveCfg = Release|Any CPU
		{1A18E2B3-4CF5-4EC1-8C38-1F68A48EBA6A}.Release|Any CPU.Build.0 = Release|Any CPU
	EndGlobalSection
	GlobalSection(SolutionProperties) = preSolution
		HideSolutionNode = FALSE
	EndGlobalSection
	GlobalSection(ExtensibilityGlobals) = postSolution
		SolutionGuid = {1792E39F-019F-4437-BF20-02D88C5566D8}
	EndGlobalSection
EndGlobal
